// !$*UTF8*$!
{
	archiveVersion = 1;
	classes = {
	};
	objectVersion = 50;
	objects = {

/* Begin PBXBuildFile section */
		DF5428A42667FF7A0082BFB1 /* MenuViewController.swift in Sources */ = {isa = PBXBuildFile; fileRef = DF5428A32667FF7A0082BFB1 /* MenuViewController.swift */; };
		DF5428A6266801230082BFB1 /* PontosViewController.swift in Sources */ = {isa = PBXBuildFile; fileRef = DF5428A5266801230082BFB1 /* PontosViewController.swift */; };
		DF5428A82668198C0082BFB1 /* SobreViewController.swift in Sources */ = {isa = PBXBuildFile; fileRef = DF5428A72668198C0082BFB1 /* SobreViewController.swift */; };
		DF5428AA26694DCF0082BFB1 /* TutorialViewController.swift in Sources */ = {isa = PBXBuildFile; fileRef = DF5428A926694DCF0082BFB1 /* TutorialViewController.swift */; };
		DFCC6B4C26667FCF008ECBCB /* AppDelegate.swift in Sources */ = {isa = PBXBuildFile; fileRef = DFCC6B4B26667FCF008ECBCB /* AppDelegate.swift */; };
		DFCC6B4E26667FCF008ECBCB /* SceneDelegate.swift in Sources */ = {isa = PBXBuildFile; fileRef = DFCC6B4D26667FCF008ECBCB /* SceneDelegate.swift */; };
		DFCC6B5026667FCF008ECBCB /* ViewController.swift in Sources */ = {isa = PBXBuildFile; fileRef = DFCC6B4F26667FCF008ECBCB /* ViewController.swift */; };
		DFCC6B5326667FCF008ECBCB /* Main.storyboard in Resources */ = {isa = PBXBuildFile; fileRef = DFCC6B5126667FCF008ECBCB /* Main.storyboard */; };
		DFCC6B5526667FD1008ECBCB /* Assets.xcassets in Resources */ = {isa = PBXBuildFile; fileRef = DFCC6B5426667FD1008ECBCB /* Assets.xcassets */; };
		DFCC6B5826667FD1008ECBCB /* LaunchScreen.storyboard in Resources */ = {isa = PBXBuildFile; fileRef = DFCC6B5626667FD1008ECBCB /* LaunchScreen.storyboard */; };
/* End PBXBuildFile section */

/* Begin PBXFileReference section */
		DF5428A32667FF7A0082BFB1 /* MenuViewController.swift */ = {isa = PBXFileReference; lastKnownFileType = sourcecode.swift; path = MenuViewController.swift; sourceTree = "<group>"; };
		DF5428A5266801230082BFB1 /* PontosViewController.swift */ = {isa = PBXFileReference; lastKnownFileType = sourcecode.swift; path = PontosViewController.swift; sourceTree = "<group>"; };
		DF5428A72668198C0082BFB1 /* SobreViewController.swift */ = {isa = PBXFileReference; lastKnownFileType = sourcecode.swift; path = SobreViewController.swift; sourceTree = "<group>"; };
		DF5428A926694DCF0082BFB1 /* TutorialViewController.swift */ = {isa = PBXFileReference; lastKnownFileType = sourcecode.swift; path = TutorialViewController.swift; sourceTree = "<group>"; };
		DFCC6B4826667FCF008ECBCB /* iCone.app */ = {isa = PBXFileReference; explicitFileType = wrapper.application; includeInIndex = 0; path = iCone.app; sourceTree = BUILT_PRODUCTS_DIR; };
		DFCC6B4B26667FCF008ECBCB /* AppDelegate.swift */ = {isa = PBXFileReference; lastKnownFileType = sourcecode.swift; path = AppDelegate.swift; sourceTree = "<group>"; };
		DFCC6B4D26667FCF008ECBCB /* SceneDelegate.swift */ = {isa = PBXFileReference; lastKnownFileType = sourcecode.swift; path = SceneDelegate.swift; sourceTree = "<group>"; };
		DFCC6B4F26667FCF008ECBCB /* ViewController.swift */ = {isa = PBXFileReference; lastKnownFileType = sourcecode.swift; path = ViewController.swift; sourceTree = "<group>"; };
		DFCC6B5226667FCF008ECBCB /* Base */ = {isa = PBXFileReference; lastKnownFileType = file.storyboard; name = Base; path = Base.lproj/Main.storyboard; sourceTree = "<group>"; };
		DFCC6B5426667FD1008ECBCB /* Assets.xcassets */ = {isa = PBXFileReference; lastKnownFileType = folder.assetcatalog; path = Assets.xcassets; sourceTree = "<group>"; };
		DFCC6B5726667FD1008ECBCB /* Base */ = {isa = PBXFileReference; lastKnownFileType = file.storyboard; name = Base; path = Base.lproj/LaunchScreen.storyboard; sourceTree = "<group>"; };
		DFCC6B5926667FD1008ECBCB /* Info.plist */ = {isa = PBXFileReference; lastKnownFileType = text.plist.xml; path = Info.plist; sourceTree = "<group>"; };
/* End PBXFileReference section */

/* Begin PBXFrameworksBuildPhase section */
		DFCC6B4526667FCF008ECBCB /* Frameworks */ = {
			isa = PBXFrameworksBuildPhase;
			buildActionMask = 2147483647;
			files = (
			);
			runOnlyForDeploymentPostprocessing = 0;
		};
/* End PBXFrameworksBuildPhase section */

/* Begin PBXGroup section */
		DFCC6B3F26667FCE008ECBCB = {
			isa = PBXGroup;
			children = (
				DFCC6B4A26667FCF008ECBCB /* TesteIdeia */,
				DFCC6B4926667FCF008ECBCB /* Products */,
			);
			sourceTree = "<group>";
		};
		DFCC6B4926667FCF008ECBCB /* Products */ = {
			isa = PBXGroup;
			children = (
				DFCC6B4826667FCF008ECBCB /* iCone.app */,
			);
			name = Products;
			sourceTree = "<group>";
		};
		DFCC6B4A26667FCF008ECBCB /* TesteIdeia */ = {
			isa = PBXGroup;
			children = (
				DFCC6B4B26667FCF008ECBCB /* AppDelegate.swift */,
				DFCC6B4D26667FCF008ECBCB /* SceneDelegate.swift */,
				DFCC6B4F26667FCF008ECBCB /* ViewController.swift */,
				DF5428A32667FF7A0082BFB1 /* MenuViewController.swift */,
				DFCC6B5126667FCF008ECBCB /* Main.storyboard */,
				DF5428A5266801230082BFB1 /* PontosViewController.swift */,
				DFCC6B5426667FD1008ECBCB /* Assets.xcassets */,
				DF5428A926694DCF0082BFB1 /* TutorialViewController.swift */,
				DFCC6B5626667FD1008ECBCB /* LaunchScreen.storyboard */,
				DF5428A72668198C0082BFB1 /* SobreViewController.swift */,
				DFCC6B5926667FD1008ECBCB /* Info.plist */,
			);
			path = TesteIdeia;
			sourceTree = SOURCE_ROOT;
		};
/* End PBXGroup section */

/* Begin PBXNativeTarget section */
		DFCC6B4726667FCF008ECBCB /* iCone */ = {
			isa = PBXNativeTarget;
			buildConfigurationList = DFCC6B5C26667FD1008ECBCB /* Build configuration list for PBXNativeTarget "iCone" */;
			buildPhases = (
				DFCC6B4426667FCF008ECBCB /* Sources */,
				DFCC6B4526667FCF008ECBCB /* Frameworks */,
				DFCC6B4626667FCF008ECBCB /* Resources */,
			);
			buildRules = (
			);
			dependencies = (
			);
			name = iCone;
			productName = TesteIdeia;
			productReference = DFCC6B4826667FCF008ECBCB /* iCone.app */;
			productType = "com.apple.product-type.application";
		};
/* End PBXNativeTarget section */

/* Begin PBXProject section */
		DFCC6B4026667FCF008ECBCB /* Project object */ = {
			isa = PBXProject;
			attributes = {
				LastSwiftUpdateCheck = 1250;
				LastUpgradeCheck = 1250;
				TargetAttributes = {
					DFCC6B4726667FCF008ECBCB = {
						CreatedOnToolsVersion = 12.5;
					};
				};
			};
			buildConfigurationList = DFCC6B4326667FCF008ECBCB /* Build configuration list for PBXProject "TesteIdeia" */;
			compatibilityVersion = "Xcode 9.3";
			developmentRegion = en;
			hasScannedForEncodings = 0;
			knownRegions = (
				en,
				Base,
			);
			mainGroup = DFCC6B3F26667FCE008ECBCB;
			productRefGroup = DFCC6B4926667FCF008ECBCB /* Products */;
			projectDirPath = "";
			projectRoot = "";
			targets = (
				DFCC6B4726667FCF008ECBCB /* iCone */,
			);
		};
/* End PBXProject section */

/* Begin PBXResourcesBuildPhase section */
		DFCC6B4626667FCF008ECBCB /* Resources */ = {
			isa = PBXResourcesBuildPhase;
			buildActionMask = 2147483647;
			files = (
				DFCC6B5826667FD1008ECBCB /* LaunchScreen.storyboard in Resources */,
				DFCC6B5526667FD1008ECBCB /* Assets.xcassets in Resources */,
				DFCC6B5326667FCF008ECBCB /* Main.storyboard in Resources */,
			);
			runOnlyForDeploymentPostprocessing = 0;
		};
/* End PBXResourcesBuildPhase section */

/* Begin PBXSourcesBuildPhase section */
		DFCC6B4426667FCF008ECBCB /* Sources */ = {
			isa = PBXSourcesBuildPhase;
			buildActionMask = 2147483647;
			files = (
				DF5428A82668198C0082BFB1 /* SobreViewController.swift in Sources */,
				DF5428AA26694DCF0082BFB1 /* TutorialViewController.swift in Sources */,
				DFCC6B5026667FCF008ECBCB /* ViewController.swift in Sources */,
				DFCC6B4C26667FCF008ECBCB /* AppDelegate.swift in Sources */,
				DFCC6B4E26667FCF008ECBCB /* SceneDelegate.swift in Sources */,
				DF5428A6266801230082BFB1 /* PontosViewController.swift in Sources */,
				DF5428A42667FF7A0082BFB1 /* MenuViewController.swift in Sources */,
			);
			runOnlyForDeploymentPostprocessing = 0;
		};
/* End PBXSourcesBuildPhase section */

/* Begin PBXVariantGroup section */
		DFCC6B5126667FCF008ECBCB /* Main.storyboard */ = {
			isa = PBXVariantGroup;
			children = (
				DFCC6B5226667FCF008ECBCB /* Base */,
			);
			name = Main.storyboard;
			sourceTree = "<group>";
		};
		DFCC6B5626667FD1008ECBCB /* LaunchScreen.storyboard */ = {
			isa = PBXVariantGroup;
			children = (
				DFCC6B5726667FD1008ECBCB /* Base */,
			);
			name = LaunchScreen.storyboard;
			sourceTree = "<group>";
		};
/* End PBXVariantGroup section */

/* Begin XCBuildConfiguration section */
		DFCC6B5A26667FD1008ECBCB /* Debug */ = {
			isa = XCBuildConfiguration;
			buildSettings = {
				ALWAYS_SEARCH_USER_PATHS = NO;
				CLANG_ANALYZER_NONNULL = YES;
				CLANG_ANALYZER_NUMBER_OBJECT_CONVERSION = YES_AGGRESSIVE;
				CLANG_CXX_LANGUAGE_STANDARD = "gnu++14";
				CLANG_CXX_LIBRARY = "libc++";
				CLANG_ENABLE_MODULES = YES;
				CLANG_ENABLE_OBJC_ARC = YES;
				CLANG_ENABLE_OBJC_WEAK = YES;
				CLANG_WARN_BLOCK_CAPTURE_AUTORELEASING = YES;
				CLANG_WARN_BOOL_CONVERSION = YES;
				CLANG_WARN_COMMA = YES;
				CLANG_WARN_CONSTANT_CONVERSION = YES;
				CLANG_WARN_DEPRECATED_OBJC_IMPLEMENTATIONS = YES;
				CLANG_WARN_DIRECT_OBJC_ISA_USAGE = YES_ERROR;
				CLANG_WARN_DOCUMENTATION_COMMENTS = YES;
				CLANG_WARN_EMPTY_BODY = YES;
				CLANG_WARN_ENUM_CONVERSION = YES;
				CLANG_WARN_INFINITE_RECURSION = YES;
				CLANG_WARN_INT_CONVERSION = YES;
				CLANG_WARN_NON_LITERAL_NULL_CONVERSION = YES;
				CLANG_WARN_OBJC_IMPLICIT_RETAIN_SELF = YES;
				CLANG_WARN_OBJC_LITERAL_CONVERSION = YES;
				CLANG_WARN_OBJC_ROOT_CLASS = YES_ERROR;
				CLANG_WARN_QUOTED_INCLUDE_IN_FRAMEWORK_HEADER = YES;
				CLANG_WARN_RANGE_LOOP_ANALYSIS = YES;
				CLANG_WARN_STRICT_PROTOTYPES = YES;
				CLANG_WARN_SUSPICIOUS_MOVE = YES;
				CLANG_WARN_UNGUARDED_AVAILABILITY = YES_AGGRESSIVE;
				CLANG_WARN_UNREACHABLE_CODE = YES;
				CLANG_WARN__DUPLICATE_METHOD_MATCH = YES;
				COPY_PHASE_STRIP = NO;
				DEBUG_INFORMATION_FORMAT = dwarf;
				ENABLE_STRICT_OBJC_MSGSEND = YES;
				ENABLE_TESTABILITY = YES;
				GCC_C_LANGUAGE_STANDARD = gnu11;
				GCC_DYNAMIC_NO_PIC = NO;
				GCC_NO_COMMON_BLOCKS = YES;
				GCC_OPTIMIZATION_LEVEL = 0;
				GCC_PREPROCESSOR_DEFINITIONS = (
					"DEBUG=1",
					"$(inherited)",
				);
				GCC_WARN_64_TO_32_BIT_CONVERSION = YES;
				GCC_WARN_ABOUT_RETURN_TYPE = YES_ERROR;
				GCC_WARN_UNDECLARED_SELECTOR = YES;
				GCC_WARN_UNINITIALIZED_AUTOS = YES_AGGRESSIVE;
				GCC_WARN_UNUSED_FUNCTION = YES;
				GCC_WARN_UNUSED_VARIABLE = YES;
				IPHONEOS_DEPLOYMENT_TARGET = 14.5;
				MTL_ENABLE_DEBUG_INFO = INCLUDE_SOURCE;
				MTL_FAST_MATH = YES;
				ONLY_ACTIVE_ARCH = YES;
				SDKROOT = iphoneos;
				SWIFT_ACTIVE_COMPILATION_CONDITIONS = DEBUG;
				SWIFT_OPTIMIZATION_LEVEL = "-Onone";
			};
			name = Debug;
		};
		DFCC6B5B26667FD1008ECBCB /* Release */ = {
			isa = XCBuildConfiguration;
			buildSettings = {
				ALWAYS_SEARCH_USER_PATHS = NO;
				CLANG_ANALYZER_NONNULL = YES;
				CLANG_ANALYZER_NUMBER_OBJECT_CONVERSION = YES_AGGRESSIVE;
				CLANG_CXX_LANGUAGE_STANDARD = "gnu++14";
				CLANG_CXX_LIBRARY = "libc++";
				CLANG_ENABLE_MODULES = YES;
				CLANG_ENABLE_OBJC_ARC = YES;
				CLANG_ENABLE_OBJC_WEAK = YES;
				CLANG_WARN_BLOCK_CAPTURE_AUTORELEASING = YES;
				CLANG_WARN_BOOL_CONVERSION = YES;
				CLANG_WARN_COMMA = YES;
				CLANG_WARN_CONSTANT_CONVERSION = YES;
				CLANG_WARN_DEPRECATED_OBJC_IMPLEMENTATIONS = YES;
				CLANG_WARN_DIRECT_OBJC_ISA_USAGE = YES_ERROR;
				CLANG_WARN_DOCUMENTATION_COMMENTS = YES;
				CLANG_WARN_EMPTY_BODY = YES;
				CLANG_WARN_ENUM_CONVERSION = YES;
				CLANG_WARN_INFINITE_RECURSION = YES;
				CLANG_WARN_INT_CONVERSION = YES;
				CLANG_WARN_NON_LITERAL_NULL_CONVERSION = YES;
				CLANG_WARN_OBJC_IMPLICIT_RETAIN_SELF = YES;
				CLANG_WARN_OBJC_LITERAL_CONVERSION = YES;
				CLANG_WARN_OBJC_ROOT_CLASS = YES_ERROR;
				CLANG_WARN_QUOTED_INCLUDE_IN_FRAMEWORK_HEADER = YES;
				CLANG_WARN_RANGE_LOOP_ANALYSIS = YES;
				CLANG_WARN_STRICT_PROTOTYPES = YES;
				CLANG_WARN_SUSPICIOUS_MOVE = YES;
				CLANG_WARN_UNGUARDED_AVAILABILITY = YES_AGGRESSIVE;
				CLANG_WARN_UNREACHABLE_CODE = YES;
				CLANG_WARN__DUPLICATE_METHOD_MATCH = YES;
				COPY_PHASE_STRIP = NO;
				DEBUG_INFORMATION_FORMAT = "dwarf-with-dsym";
				ENABLE_NS_ASSERTIONS = NO;
				ENABLE_STRICT_OBJC_MSGSEND = YES;
				GCC_C_LANGUAGE_STANDARD = gnu11;
				GCC_NO_COMMON_BLOCKS = YES;
				GCC_WARN_64_TO_32_BIT_CONVERSION = YES;
				GCC_WARN_ABOUT_RETURN_TYPE = YES_ERROR;
				GCC_WARN_UNDECLARED_SELECTOR = YES;
				GCC_WARN_UNINITIALIZED_AUTOS = YES_AGGRESSIVE;
				GCC_WARN_UNUSED_FUNCTION = YES;
				GCC_WARN_UNUSED_VARIABLE = YES;
				IPHONEOS_DEPLOYMENT_TARGET = 14.5;
				MTL_ENABLE_DEBUG_INFO = NO;
				MTL_FAST_MATH = YES;
				SDKROOT = iphoneos;
				SWIFT_COMPILATION_MODE = wholemodule;
				SWIFT_OPTIMIZATION_LEVEL = "-O";
				VALIDATE_PRODUCT = YES;
			};
			name = Release;
		};
		DFCC6B5D26667FD1008ECBCB /* Debug */ = {
			isa = XCBuildConfiguration;
			buildSettings = {
				ASSETCATALOG_COMPILER_APPICON_NAME = AppIcon;
				ASSETCATALOG_COMPILER_GLOBAL_ACCENT_COLOR_NAME = AccentColor;
				CODE_SIGN_STYLE = Automatic;
				DEVELOPMENT_TEAM = TX88D8XM39;
				INFOPLIST_FILE = TesteIdeia/Info.plist;
				LD_RUNPATH_SEARCH_PATHS = (
					"$(inherited)",
					"@executable_path/Frameworks",
				);
				PRODUCT_BUNDLE_IDENTIFIER = lucaHummel.TesteIdeia;
				PRODUCT_NAME = "$(TARGET_NAME)";
				SWIFT_VERSION = 5.0;
				TARGETED_DEVICE_FAMILY = "1,2";
			};
			name = Debug;
		};
		DFCC6B5E26667FD1008ECBCB /* Release */ = {
			isa = XCBuildConfiguration;
			buildSettings = {
				ASSETCATALOG_COMPILER_APPICON_NAME = AppIcon;
				ASSETCATALOG_COMPILER_GLOBAL_ACCENT_COLOR_NAME = AccentColor;
				CODE_SIGN_STYLE = Automatic;
				DEVELOPMENT_TEAM = TX88D8XM39;
				INFOPLIST_FILE = TesteIdeia/Info.plist;
				LD_RUNPATH_SEARCH_PATHS = (
					"$(inherited)",
					"@executable_path/Frameworks",
				);
				PRODUCT_BUNDLE_IDENTIFIER = lucaHummel.TesteIdeia;
				PRODUCT_NAME = "$(TARGET_NAME)";
				SWIFT_VERSION = 5.0;
				TARGETED_DEVICE_FAMILY = "1,2";
			};
			name = Release;
		};
/* End XCBuildConfiguration section */

/* Begin XCConfigurationList section */
		DFCC6B4326667FCF008ECBCB /* Build configuration list for PBXProject "TesteIdeia" */ = {
			isa = XCConfigurationList;
			buildConfigurations = (
				DFCC6B5A26667FD1008ECBCB /* Debug */,
				DFCC6B5B26667FD1008ECBCB /* Release */,
			);
			defaultConfigurationIsVisible = 0;
			defaultConfigurationName = Release;
		};
		DFCC6B5C26667FD1008ECBCB /* Build configuration list for PBXNativeTarget "iCone" */ = {
			isa = XCConfigurationList;
			buildConfigurations = (
				DFCC6B5D26667FD1008ECBCB /* Debug */,
				DFCC6B5E26667FD1008ECBCB /* Release */,
			);
			defaultConfigurationIsVisible = 0;
			defaultConfigurationName = Release;
		};
/* End XCConfigurationList section */
	};
	rootObject = DFCC6B4026667FCF008ECBCB /* Project object */;
}
